// !$*UTF8*$!
{
	archiveVersion = 1;
	classes = {
	};
	objectVersion = 55;
	objects = {

/* Begin PBXBuildFile section */
		641223D627645825003455A8 /* FocusEntity in Frameworks */ = {isa = PBXBuildFile; productRef = 641223D527645825003455A8 /* FocusEntity */; };
		641223D827645871003455A8 /* CustomARView.swift in Sources */ = {isa = PBXBuildFile; fileRef = 641223D727645871003455A8 /* CustomARView.swift */; };
		646476982762EFEC00890F37 /* AppDelegate.swift in Sources */ = {isa = PBXBuildFile; fileRef = 646476972762EFEC00890F37 /* AppDelegate.swift */; };
		6464769A2762EFEC00890F37 /* ContentView.swift in Sources */ = {isa = PBXBuildFile; fileRef = 646476992762EFEC00890F37 /* ContentView.swift */; };
		6464769C2762EFEC00890F37 /* Experience.rcproject in Sources */ = {isa = PBXBuildFile; fileRef = 6464769B2762EFEC00890F37 /* Experience.rcproject */; };
		6464769E2762EFEE00890F37 /* Assets.xcassets in Resources */ = {isa = PBXBuildFile; fileRef = 6464769D2762EFEE00890F37 /* Assets.xcassets */; };
		646476A12762EFEE00890F37 /* Preview Assets.xcassets in Resources */ = {isa = PBXBuildFile; fileRef = 646476A02762EFEE00890F37 /* Preview Assets.xcassets */; };
		646476AB2762EFEF00890F37 /* test_ar_userinterfaceTests.swift in Sources */ = {isa = PBXBuildFile; fileRef = 646476AA2762EFEF00890F37 /* test_ar_userinterfaceTests.swift */; };
		646476B52762EFEF00890F37 /* test_ar_userinterfaceUITests.swift in Sources */ = {isa = PBXBuildFile; fileRef = 646476B42762EFEF00890F37 /* test_ar_userinterfaceUITests.swift */; };
		646476B72762EFEF00890F37 /* test_ar_userinterfaceUITestsLaunchTests.swift in Sources */ = {isa = PBXBuildFile; fileRef = 646476B62762EFEF00890F37 /* test_ar_userinterfaceUITestsLaunchTests.swift */; };
		646476C42762F0AE00890F37 /* ControlView.swift in Sources */ = {isa = PBXBuildFile; fileRef = 646476C32762F0AE00890F37 /* ControlView.swift */; };
		646476C62762FB5900890F37 /* BrowseView.swift in Sources */ = {isa = PBXBuildFile; fileRef = 646476C52762FB5900890F37 /* BrowseView.swift */; };
		646476C82763010200890F37 /* Model.swift in Sources */ = {isa = PBXBuildFile; fileRef = 646476C72763010200890F37 /* Model.swift */; };
		646476E3276315A600890F37 /* PlacementSettings.swift in Sources */ = {isa = PBXBuildFile; fileRef = 646476E2276315A600890F37 /* PlacementSettings.swift */; };
		646476E52763176000890F37 /* PlacementView.swift in Sources */ = {isa = PBXBuildFile; fileRef = 646476E42763176000890F37 /* PlacementView.swift */; };
		64934504277C138500E3D732 /* ModelDeletionManager.swift in Sources */ = {isa = PBXBuildFile; fileRef = 64934503277C138500E3D732 /* ModelDeletionManager.swift */; };
		64934506277C164900E3D732 /* DeletionView.swift in Sources */ = {isa = PBXBuildFile; fileRef = 64934505277C164900E3D732 /* DeletionView.swift */; };
		64A05BD2277A7862005986A4 /* FirebaseAuth in Frameworks */ = {isa = PBXBuildFile; productRef = 64A05BD1277A7862005986A4 /* FirebaseAuth */; };
		64A05BD4277A7862005986A4 /* FirebaseFirestore in Frameworks */ = {isa = PBXBuildFile; productRef = 64A05BD3277A7862005986A4 /* FirebaseFirestore */; };
		64A05BD6277A7862005986A4 /* FirebaseFirestoreSwift-Beta in Frameworks */ = {isa = PBXBuildFile; productRef = 64A05BD5277A7862005986A4 /* FirebaseFirestoreSwift-Beta */; };
		64A05BD8277A7862005986A4 /* FirebaseStorage in Frameworks */ = {isa = PBXBuildFile; productRef = 64A05BD7277A7862005986A4 /* FirebaseStorage */; };
		64A05BDA277A7862005986A4 /* FirebaseStorageSwift-Beta in Frameworks */ = {isa = PBXBuildFile; productRef = 64A05BD9277A7862005986A4 /* FirebaseStorageSwift-Beta */; };
		64A05BDC277A7C53005986A4 /* GoogleService-Info.plist in Resources */ = {isa = PBXBuildFile; fileRef = 64A05BDB277A7C53005986A4 /* GoogleService-Info.plist */; };
		64A05BDE277A8278005986A4 /* ModelsViewModel.swift in Sources */ = {isa = PBXBuildFile; fileRef = 64A05BDD277A8278005986A4 /* ModelsViewModel.swift */; };
		64A05BE0277A9072005986A4 /* FirebaseStorageHelper.swift in Sources */ = {isa = PBXBuildFile; fileRef = 64A05BDF277A9072005986A4 /* FirebaseStorageHelper.swift */; };
		64A05BE2277A990C005986A4 /* ARViewContainer.swift in Sources */ = {isa = PBXBuildFile; fileRef = 64A05BE1277A990C005986A4 /* ARViewContainer.swift */; };
		64A05BE4277AA112005986A4 /* ScenePersistenceHelper.swift in Sources */ = {isa = PBXBuildFile; fileRef = 64A05BE3277AA112005986A4 /* ScenePersistenceHelper.swift */; };
		64FB8EE7276470E3000C2833 /* View+Extensions.swift in Sources */ = {isa = PBXBuildFile; fileRef = 64FB8EE6276470E3000C2833 /* View+Extensions.swift */; };
		64FB8EE927647806000C2833 /* SessionSettings.swift in Sources */ = {isa = PBXBuildFile; fileRef = 64FB8EE827647806000C2833 /* SessionSettings.swift */; };
		64FB8EEB276478A5000C2833 /* SettingsView.swift in Sources */ = {isa = PBXBuildFile; fileRef = 64FB8EEA276478A5000C2833 /* SettingsView.swift */; };
/* End PBXBuildFile section */

/* Begin PBXContainerItemProxy section */
		646476A72762EFEF00890F37 /* PBXContainerItemProxy */ = {
			isa = PBXContainerItemProxy;
			containerPortal = 6464768C2762EFEC00890F37 /* Project object */;
			proxyType = 1;
			remoteGlobalIDString = 646476932762EFEC00890F37;
			remoteInfo = "test-ar-userinterface";
		};
		646476B12762EFEF00890F37 /* PBXContainerItemProxy */ = {
			isa = PBXContainerItemProxy;
			containerPortal = 6464768C2762EFEC00890F37 /* Project object */;
			proxyType = 1;
			remoteGlobalIDString = 646476932762EFEC00890F37;
			remoteInfo = "test-ar-userinterface";
		};
/* End PBXContainerItemProxy section */

/* Begin PBXFileReference section */
		641223D727645871003455A8 /* CustomARView.swift */ = {isa = PBXFileReference; lastKnownFileType = sourcecode.swift; path = CustomARView.swift; sourceTree = "<group>"; };
		646476942762EFEC00890F37 /* test-ar-userinterface.app */ = {isa = PBXFileReference; explicitFileType = wrapper.application; includeInIndex = 0; path = "test-ar-userinterface.app"; sourceTree = BUILT_PRODUCTS_DIR; };
		646476972762EFEC00890F37 /* AppDelegate.swift */ = {isa = PBXFileReference; lastKnownFileType = sourcecode.swift; path = AppDelegate.swift; sourceTree = "<group>"; };
		646476992762EFEC00890F37 /* ContentView.swift */ = {isa = PBXFileReference; lastKnownFileType = sourcecode.swift; path = ContentView.swift; sourceTree = "<group>"; };
		6464769B2762EFEC00890F37 /* Experience.rcproject */ = {isa = PBXFileReference; lastKnownFileType = file.rcproject; path = Experience.rcproject; sourceTree = "<group>"; };
		6464769D2762EFEE00890F37 /* Assets.xcassets */ = {isa = PBXFileReference; lastKnownFileType = folder.assetcatalog; path = Assets.xcassets; sourceTree = "<group>"; };
		646476A02762EFEE00890F37 /* Preview Assets.xcassets */ = {isa = PBXFileReference; lastKnownFileType = folder.assetcatalog; path = "Preview Assets.xcassets"; sourceTree = "<group>"; };
		646476A62762EFEF00890F37 /* test-ar-userinterfaceTests.xctest */ = {isa = PBXFileReference; explicitFileType = wrapper.cfbundle; includeInIndex = 0; path = "test-ar-userinterfaceTests.xctest"; sourceTree = BUILT_PRODUCTS_DIR; };
		646476AA2762EFEF00890F37 /* test_ar_userinterfaceTests.swift */ = {isa = PBXFileReference; lastKnownFileType = sourcecode.swift; path = test_ar_userinterfaceTests.swift; sourceTree = "<group>"; };
		646476B02762EFEF00890F37 /* test-ar-userinterfaceUITests.xctest */ = {isa = PBXFileReference; explicitFileType = wrapper.cfbundle; includeInIndex = 0; path = "test-ar-userinterfaceUITests.xctest"; sourceTree = BUILT_PRODUCTS_DIR; };
		646476B42762EFEF00890F37 /* test_ar_userinterfaceUITests.swift */ = {isa = PBXFileReference; lastKnownFileType = sourcecode.swift; path = test_ar_userinterfaceUITests.swift; sourceTree = "<group>"; };
		646476B62762EFEF00890F37 /* test_ar_userinterfaceUITestsLaunchTests.swift */ = {isa = PBXFileReference; lastKnownFileType = sourcecode.swift; path = test_ar_userinterfaceUITestsLaunchTests.swift; sourceTree = "<group>"; };
		646476C32762F0AE00890F37 /* ControlView.swift */ = {isa = PBXFileReference; lastKnownFileType = sourcecode.swift; path = ControlView.swift; sourceTree = "<group>"; };
		646476C52762FB5900890F37 /* BrowseView.swift */ = {isa = PBXFileReference; lastKnownFileType = sourcecode.swift; path = BrowseView.swift; sourceTree = "<group>"; };
		646476C72763010200890F37 /* Model.swift */ = {isa = PBXFileReference; lastKnownFileType = sourcecode.swift; path = Model.swift; sourceTree = "<group>"; };
		646476E2276315A600890F37 /* PlacementSettings.swift */ = {isa = PBXFileReference; lastKnownFileType = sourcecode.swift; path = PlacementSettings.swift; sourceTree = "<group>"; };
		646476E42763176000890F37 /* PlacementView.swift */ = {isa = PBXFileReference; lastKnownFileType = sourcecode.swift; path = PlacementView.swift; sourceTree = "<group>"; };
		64934503277C138500E3D732 /* ModelDeletionManager.swift */ = {isa = PBXFileReference; lastKnownFileType = sourcecode.swift; path = ModelDeletionManager.swift; sourceTree = "<group>"; };
		64934505277C164900E3D732 /* DeletionView.swift */ = {isa = PBXFileReference; lastKnownFileType = sourcecode.swift; path = DeletionView.swift; sourceTree = "<group>"; };
		64A05BDB277A7C53005986A4 /* GoogleService-Info.plist */ = {isa = PBXFileReference; fileEncoding = 4; lastKnownFileType = text.plist.xml; path = "GoogleService-Info.plist"; sourceTree = "<group>"; };
		64A05BDD277A8278005986A4 /* ModelsViewModel.swift */ = {isa = PBXFileReference; lastKnownFileType = sourcecode.swift; path = ModelsViewModel.swift; sourceTree = "<group>"; };
		64A05BDF277A9072005986A4 /* FirebaseStorageHelper.swift */ = {isa = PBXFileReference; lastKnownFileType = sourcecode.swift; path = FirebaseStorageHelper.swift; sourceTree = "<group>"; };
		64A05BE1277A990C005986A4 /* ARViewContainer.swift */ = {isa = PBXFileReference; lastKnownFileType = sourcecode.swift; path = ARViewContainer.swift; sourceTree = "<group>"; };
		64A05BE3277AA112005986A4 /* ScenePersistenceHelper.swift */ = {isa = PBXFileReference; lastKnownFileType = sourcecode.swift; path = ScenePersistenceHelper.swift; sourceTree = "<group>"; };
		64FB8EE6276470E3000C2833 /* View+Extensions.swift */ = {isa = PBXFileReference; lastKnownFileType = sourcecode.swift; path = "View+Extensions.swift"; sourceTree = "<group>"; };
		64FB8EE827647806000C2833 /* SessionSettings.swift */ = {isa = PBXFileReference; lastKnownFileType = sourcecode.swift; path = SessionSettings.swift; sourceTree = "<group>"; };
		64FB8EEA276478A5000C2833 /* SettingsView.swift */ = {isa = PBXFileReference; lastKnownFileType = sourcecode.swift; path = SettingsView.swift; sourceTree = "<group>"; };
/* End PBXFileReference section */

/* Begin PBXFrameworksBuildPhase section */
		646476912762EFEC00890F37 /* Frameworks */ = {
			isa = PBXFrameworksBuildPhase;
			buildActionMask = 2147483647;
			files = (
				641223D627645825003455A8 /* FocusEntity in Frameworks */,
				64A05BD6277A7862005986A4 /* FirebaseFirestoreSwift-Beta in Frameworks */,
				64A05BD2277A7862005986A4 /* FirebaseAuth in Frameworks */,
				64A05BD8277A7862005986A4 /* FirebaseStorage in Frameworks */,
				64A05BD4277A7862005986A4 /* FirebaseFirestore in Frameworks */,
				64A05BDA277A7862005986A4 /* FirebaseStorageSwift-Beta in Frameworks */,
			);
			runOnlyForDeploymentPostprocessing = 0;
		};
		646476A32762EFEF00890F37 /* Frameworks */ = {
			isa = PBXFrameworksBuildPhase;
			buildActionMask = 2147483647;
			files = (
			);
			runOnlyForDeploymentPostprocessing = 0;
		};
		646476AD2762EFEF00890F37 /* Frameworks */ = {
			isa = PBXFrameworksBuildPhase;
			buildActionMask = 2147483647;
			files = (
			);
			runOnlyForDeploymentPostprocessing = 0;
		};
/* End PBXFrameworksBuildPhase section */

/* Begin PBXGroup section */
		6464768B2762EFEC00890F37 = {
			isa = PBXGroup;
			children = (
				646476962762EFEC00890F37 /* test-ar-userinterface */,
				646476A92762EFEF00890F37 /* test-ar-userinterfaceTests */,
				646476B32762EFEF00890F37 /* test-ar-userinterfaceUITests */,
				646476952762EFEC00890F37 /* Products */,
			);
			sourceTree = "<group>";
		};
		646476952762EFEC00890F37 /* Products */ = {
			isa = PBXGroup;
			children = (
				646476942762EFEC00890F37 /* test-ar-userinterface.app */,
				646476A62762EFEF00890F37 /* test-ar-userinterfaceTests.xctest */,
				646476B02762EFEF00890F37 /* test-ar-userinterfaceUITests.xctest */,
			);
			name = Products;
			sourceTree = "<group>";
		};
		646476962762EFEC00890F37 /* test-ar-userinterface */ = {
			isa = PBXGroup;
			children = (
				646476972762EFEC00890F37 /* AppDelegate.swift */,
				646476992762EFEC00890F37 /* ContentView.swift */,
				64A05BE1277A990C005986A4 /* ARViewContainer.swift */,
				641223D727645871003455A8 /* CustomARView.swift */,
				646476C32762F0AE00890F37 /* ControlView.swift */,
				646476C52762FB5900890F37 /* BrowseView.swift */,
				646476E42763176000890F37 /* PlacementView.swift */,
				64934505277C164900E3D732 /* DeletionView.swift */,
				64FB8EEA276478A5000C2833 /* SettingsView.swift */,
				646476E2276315A600890F37 /* PlacementSettings.swift */,
				64FB8EE827647806000C2833 /* SessionSettings.swift */,
				646476C72763010200890F37 /* Model.swift */,
				64A05BDD277A8278005986A4 /* ModelsViewModel.swift */,
				64A05BDF277A9072005986A4 /* FirebaseStorageHelper.swift */,
				64A05BE3277AA112005986A4 /* ScenePersistenceHelper.swift */,
				64934503277C138500E3D732 /* ModelDeletionManager.swift */,
				64FB8EE6276470E3000C2833 /* View+Extensions.swift */,
				6464769B2762EFEC00890F37 /* Experience.rcproject */,
				6464769D2762EFEE00890F37 /* Assets.xcassets */,
				64A05BDB277A7C53005986A4 /* GoogleService-Info.plist */,
				6464769F2762EFEE00890F37 /* Preview Content */,
			);
			path = "test-ar-userinterface";
			sourceTree = "<group>";
		};
		6464769F2762EFEE00890F37 /* Preview Content */ = {
			isa = PBXGroup;
			children = (
				646476A02762EFEE00890F37 /* Preview Assets.xcassets */,
			);
			path = "Preview Content";
			sourceTree = "<group>";
		};
		646476A92762EFEF00890F37 /* test-ar-userinterfaceTests */ = {
			isa = PBXGroup;
			children = (
				646476AA2762EFEF00890F37 /* test_ar_userinterfaceTests.swift */,
			);
			path = "test-ar-userinterfaceTests";
			sourceTree = "<group>";
		};
		646476B32762EFEF00890F37 /* test-ar-userinterfaceUITests */ = {
			isa = PBXGroup;
			children = (
				646476B42762EFEF00890F37 /* test_ar_userinterfaceUITests.swift */,
				646476B62762EFEF00890F37 /* test_ar_userinterfaceUITestsLaunchTests.swift */,
			);
			path = "test-ar-userinterfaceUITests";
			sourceTree = "<group>";
		};
/* End PBXGroup section */

/* Begin PBXNativeTarget section */
		646476932762EFEC00890F37 /* test-ar-userinterface */ = {
			isa = PBXNativeTarget;
			buildConfigurationList = 646476BA2762EFEF00890F37 /* Build configuration list for PBXNativeTarget "test-ar-userinterface" */;
			buildPhases = (
				646476902762EFEC00890F37 /* Sources */,
				646476912762EFEC00890F37 /* Frameworks */,
				646476922762EFEC00890F37 /* Resources */,
			);
			buildRules = (
			);
			dependencies = (
			);
			name = "test-ar-userinterface";
			packageProductDependencies = (
				641223D527645825003455A8 /* FocusEntity */,
				64A05BD1277A7862005986A4 /* FirebaseAuth */,
				64A05BD3277A7862005986A4 /* FirebaseFirestore */,
				64A05BD5277A7862005986A4 /* FirebaseFirestoreSwift-Beta */,
				64A05BD7277A7862005986A4 /* FirebaseStorage */,
				64A05BD9277A7862005986A4 /* FirebaseStorageSwift-Beta */,
			);
			productName = "test-ar-userinterface";
			productReference = 646476942762EFEC00890F37 /* test-ar-userinterface.app */;
			productType = "com.apple.product-type.application";
		};
		646476A52762EFEF00890F37 /* test-ar-userinterfaceTests */ = {
			isa = PBXNativeTarget;
			buildConfigurationList = 646476BD2762EFEF00890F37 /* Build configuration list for PBXNativeTarget "test-ar-userinterfaceTests" */;
			buildPhases = (
				646476A22762EFEF00890F37 /* Sources */,
				646476A32762EFEF00890F37 /* Frameworks */,
				646476A42762EFEF00890F37 /* Resources */,
			);
			buildRules = (
			);
			dependencies = (
				646476A82762EFEF00890F37 /* PBXTargetDependency */,
			);
			name = "test-ar-userinterfaceTests";
			productName = "test-ar-userinterfaceTests";
			productReference = 646476A62762EFEF00890F37 /* test-ar-userinterfaceTests.xctest */;
			productType = "com.apple.product-type.bundle.unit-test";
		};
		646476AF2762EFEF00890F37 /* test-ar-userinterfaceUITests */ = {
			isa = PBXNativeTarget;
			buildConfigurationList = 646476C02762EFEF00890F37 /* Build configuration list for PBXNativeTarget "test-ar-userinterfaceUITests" */;
			buildPhases = (
				646476AC2762EFEF00890F37 /* Sources */,
				646476AD2762EFEF00890F37 /* Frameworks */,
				646476AE2762EFEF00890F37 /* Resources */,
			);
			buildRules = (
			);
			dependencies = (
				646476B22762EFEF00890F37 /* PBXTargetDependency */,
			);
			name = "test-ar-userinterfaceUITests";
			productName = "test-ar-userinterfaceUITests";
			productReference = 646476B02762EFEF00890F37 /* test-ar-userinterfaceUITests.xctest */;
			productType = "com.apple.product-type.bundle.ui-testing";
		};
/* End PBXNativeTarget section */

/* Begin PBXProject section */
		6464768C2762EFEC00890F37 /* Project object */ = {
			isa = PBXProject;
			attributes = {
				BuildIndependentTargetsInParallel = 1;
				LastSwiftUpdateCheck = 1310;
				LastUpgradeCheck = 1310;
				TargetAttributes = {
					646476932762EFEC00890F37 = {
						CreatedOnToolsVersion = 13.1;
					};
					646476A52762EFEF00890F37 = {
						CreatedOnToolsVersion = 13.1;
						TestTargetID = 646476932762EFEC00890F37;
					};
					646476AF2762EFEF00890F37 = {
						CreatedOnToolsVersion = 13.1;
						TestTargetID = 646476932762EFEC00890F37;
					};
				};
			};
			buildConfigurationList = 6464768F2762EFEC00890F37 /* Build configuration list for PBXProject "test-ar-userinterface" */;
			compatibilityVersion = "Xcode 13.0";
			developmentRegion = en;
			hasScannedForEncodings = 0;
			knownRegions = (
				en,
				Base,
			);
			mainGroup = 6464768B2762EFEC00890F37;
			packageReferences = (
				641223D427645825003455A8 /* XCRemoteSwiftPackageReference "FocusEntity" */,
				64A05BD0277A7862005986A4 /* XCRemoteSwiftPackageReference "firebase-ios-sdk" */,
			);
			productRefGroup = 646476952762EFEC00890F37 /* Products */;
			projectDirPath = "";
			projectRoot = "";
			targets = (
				646476932762EFEC00890F37 /* test-ar-userinterface */,
				646476A52762EFEF00890F37 /* test-ar-userinterfaceTests */,
				646476AF2762EFEF00890F37 /* test-ar-userinterfaceUITests */,
			);
		};
/* End PBXProject section */

/* Begin PBXResourcesBuildPhase section */
		646476922762EFEC00890F37 /* Resources */ = {
			isa = PBXResourcesBuildPhase;
			buildActionMask = 2147483647;
			files = (
				64A05BDC277A7C53005986A4 /* GoogleService-Info.plist in Resources */,
				646476A12762EFEE00890F37 /* Preview Assets.xcassets in Resources */,
				6464769E2762EFEE00890F37 /* Assets.xcassets in Resources */,
			);
			runOnlyForDeploymentPostprocessing = 0;
		};
		646476A42762EFEF00890F37 /* Resources */ = {
			isa = PBXResourcesBuildPhase;
			buildActionMask = 2147483647;
			files = (
			);
			runOnlyForDeploymentPostprocessing = 0;
		};
		646476AE2762EFEF00890F37 /* Resources */ = {
			isa = PBXResourcesBuildPhase;
			buildActionMask = 2147483647;
			files = (
			);
			runOnlyForDeploymentPostprocessing = 0;
		};
/* End PBXResourcesBuildPhase section */

/* Begin PBXSourcesBuildPhase section */
		646476902762EFEC00890F37 /* Sources */ = {
			isa = PBXSourcesBuildPhase;
			buildActionMask = 2147483647;
			files = (
				64A05BE0277A9072005986A4 /* FirebaseStorageHelper.swift in Sources */,
				646476C42762F0AE00890F37 /* ControlView.swift in Sources */,
				646476E3276315A600890F37 /* PlacementSettings.swift in Sources */,
				64A05BDE277A8278005986A4 /* ModelsViewModel.swift in Sources */,
				64FB8EE927647806000C2833 /* SessionSettings.swift in Sources */,
				646476E52763176000890F37 /* PlacementView.swift in Sources */,
				64934506277C164900E3D732 /* DeletionView.swift in Sources */,
				6464769A2762EFEC00890F37 /* ContentView.swift in Sources */,
				641223D827645871003455A8 /* CustomARView.swift in Sources */,
				646476C62762FB5900890F37 /* BrowseView.swift in Sources */,
				646476C82763010200890F37 /* Model.swift in Sources */,
				64A05BE4277AA112005986A4 /* ScenePersistenceHelper.swift in Sources */,
				646476982762EFEC00890F37 /* AppDelegate.swift in Sources */,
				64FB8EEB276478A5000C2833 /* SettingsView.swift in Sources */,
				64934504277C138500E3D732 /* ModelDeletionManager.swift in Sources */,
				64FB8EE7276470E3000C2833 /* View+Extensions.swift in Sources */,
				6464769C2762EFEC00890F37 /* Experience.rcproject in Sources */,
				64A05BE2277A990C005986A4 /* ARViewContainer.swift in Sources */,
			);
			runOnlyForDeploymentPostprocessing = 0;
		};
		646476A22762EFEF00890F37 /* Sources */ = {
			isa = PBXSourcesBuildPhase;
			buildActionMask = 2147483647;
			files = (
				646476AB2762EFEF00890F37 /* test_ar_userinterfaceTests.swift in Sources */,
			);
			runOnlyForDeploymentPostprocessing = 0;
		};
		646476AC2762EFEF00890F37 /* Sources */ = {
			isa = PBXSourcesBuildPhase;
			buildActionMask = 2147483647;
			files = (
				646476B72762EFEF00890F37 /* test_ar_userinterfaceUITestsLaunchTests.swift in Sources */,
				646476B52762EFEF00890F37 /* test_ar_userinterfaceUITests.swift in Sources */,
			);
			runOnlyForDeploymentPostprocessing = 0;
		};
/* End PBXSourcesBuildPhase section */

/* Begin PBXTargetDependency section */
		646476A82762EFEF00890F37 /* PBXTargetDependency */ = {
			isa = PBXTargetDependency;
			target = 646476932762EFEC00890F37 /* test-ar-userinterface */;
			targetProxy = 646476A72762EFEF00890F37 /* PBXContainerItemProxy */;
		};
		646476B22762EFEF00890F37 /* PBXTargetDependency */ = {
			isa = PBXTargetDependency;
			target = 646476932762EFEC00890F37 /* test-ar-userinterface */;
			targetProxy = 646476B12762EFEF00890F37 /* PBXContainerItemProxy */;
		};
/* End PBXTargetDependency section */

/* Begin XCBuildConfiguration section */
		646476B82762EFEF00890F37 /* Debug */ = {
			isa = XCBuildConfiguration;
			buildSettings = {
				ALWAYS_SEARCH_USER_PATHS = NO;
				CLANG_ANALYZER_NONNULL = YES;
				CLANG_ANALYZER_NUMBER_OBJECT_CONVERSION = YES_AGGRESSIVE;
				CLANG_CXX_LANGUAGE_STANDARD = "gnu++17";
				CLANG_CXX_LIBRARY = "libc++";
				CLANG_ENABLE_MODULES = YES;
				CLANG_ENABLE_OBJC_ARC = YES;
				CLANG_ENABLE_OBJC_WEAK = YES;
				CLANG_WARN_BLOCK_CAPTURE_AUTORELEASING = YES;
				CLANG_WARN_BOOL_CONVERSION = YES;
				CLANG_WARN_COMMA = YES;
				CLANG_WARN_CONSTANT_CONVERSION = YES;
				CLANG_WARN_DEPRECATED_OBJC_IMPLEMENTATIONS = YES;
				CLANG_WARN_DIRECT_OBJC_ISA_USAGE = YES_ERROR;
				CLANG_WARN_DOCUMENTATION_COMMENTS = YES;
				CLANG_WARN_EMPTY_BODY = YES;
				CLANG_WARN_ENUM_CONVERSION = YES;
				CLANG_WARN_INFINITE_RECURSION = YES;
				CLANG_WARN_INT_CONVERSION = YES;
				CLANG_WARN_NON_LITERAL_NULL_CONVERSION = YES;
				CLANG_WARN_OBJC_IMPLICIT_RETAIN_SELF = YES;
				CLANG_WARN_OBJC_LITERAL_CONVERSION = YES;
				CLANG_WARN_OBJC_ROOT_CLASS = YES_ERROR;
				CLANG_WARN_QUOTED_INCLUDE_IN_FRAMEWORK_HEADER = YES;
				CLANG_WARN_RANGE_LOOP_ANALYSIS = YES;
				CLANG_WARN_STRICT_PROTOTYPES = YES;
				CLANG_WARN_SUSPICIOUS_MOVE = YES;
				CLANG_WARN_UNGUARDED_AVAILABILITY = YES_AGGRESSIVE;
				CLANG_WARN_UNREACHABLE_CODE = YES;
				CLANG_WARN__DUPLICATE_METHOD_MATCH = YES;
				COPY_PHASE_STRIP = NO;
				DEBUG_INFORMATION_FORMAT = dwarf;
				ENABLE_STRICT_OBJC_MSGSEND = YES;
				ENABLE_TESTABILITY = YES;
				GCC_C_LANGUAGE_STANDARD = gnu11;
				GCC_DYNAMIC_NO_PIC = NO;
				GCC_NO_COMMON_BLOCKS = YES;
				GCC_OPTIMIZATION_LEVEL = 0;
				GCC_PREPROCESSOR_DEFINITIONS = (
					"DEBUG=1",
					"$(inherited)",
				);
				GCC_WARN_64_TO_32_BIT_CONVERSION = YES;
				GCC_WARN_ABOUT_RETURN_TYPE = YES_ERROR;
				GCC_WARN_UNDECLARED_SELECTOR = YES;
				GCC_WARN_UNINITIALIZED_AUTOS = YES_AGGRESSIVE;
				GCC_WARN_UNUSED_FUNCTION = YES;
				GCC_WARN_UNUSED_VARIABLE = YES;
				IPHONEOS_DEPLOYMENT_TARGET = 15.0;
				MTL_ENABLE_DEBUG_INFO = INCLUDE_SOURCE;
				MTL_FAST_MATH = YES;
				ONLY_ACTIVE_ARCH = YES;
				SDKROOT = iphoneos;
				SWIFT_ACTIVE_COMPILATION_CONDITIONS = DEBUG;
				SWIFT_OPTIMIZATION_LEVEL = "-Onone";
			};
			name = Debug;
		};
		646476B92762EFEF00890F37 /* Release */ = {
			isa = XCBuildConfiguration;
			buildSettings = {
				ALWAYS_SEARCH_USER_PATHS = NO;
				CLANG_ANALYZER_NONNULL = YES;
				CLANG_ANALYZER_NUMBER_OBJECT_CONVERSION = YES_AGGRESSIVE;
				CLANG_CXX_LANGUAGE_STANDARD = "gnu++17";
				CLANG_CXX_LIBRARY = "libc++";
				CLANG_ENABLE_MODULES = YES;
				CLANG_ENABLE_OBJC_ARC = YES;
				CLANG_ENABLE_OBJC_WEAK = YES;
				CLANG_WARN_BLOCK_CAPTURE_AUTORELEASING = YES;
				CLANG_WARN_BOOL_CONVERSION = YES;
				CLANG_WARN_COMMA = YES;
				CLANG_WARN_CONSTANT_CONVERSION = YES;
				CLANG_WARN_DEPRECATED_OBJC_IMPLEMENTATIONS = YES;
				CLANG_WARN_DIRECT_OBJC_ISA_USAGE = YES_ERROR;
				CLANG_WARN_DOCUMENTATION_COMMENTS = YES;
				CLANG_WARN_EMPTY_BODY = YES;
				CLANG_WARN_ENUM_CONVERSION = YES;
				CLANG_WARN_INFINITE_RECURSION = YES;
				CLANG_WARN_INT_CONVERSION = YES;
				CLANG_WARN_NON_LITERAL_NULL_CONVERSION = YES;
				CLANG_WARN_OBJC_IMPLICIT_RETAIN_SELF = YES;
				CLANG_WARN_OBJC_LITERAL_CONVERSION = YES;
				CLANG_WARN_OBJC_ROOT_CLASS = YES_ERROR;
				CLANG_WARN_QUOTED_INCLUDE_IN_FRAMEWORK_HEADER = YES;
				CLANG_WARN_RANGE_LOOP_ANALYSIS = YES;
				CLANG_WARN_STRICT_PROTOTYPES = YES;
				CLANG_WARN_SUSPICIOUS_MOVE = YES;
				CLANG_WARN_UNGUARDED_AVAILABILITY = YES_AGGRESSIVE;
				CLANG_WARN_UNREACHABLE_CODE = YES;
				CLANG_WARN__DUPLICATE_METHOD_MATCH = YES;
				COPY_PHASE_STRIP = NO;
				DEBUG_INFORMATION_FORMAT = "dwarf-with-dsym";
				ENABLE_NS_ASSERTIONS = NO;
				ENABLE_STRICT_OBJC_MSGSEND = YES;
				GCC_C_LANGUAGE_STANDARD = gnu11;
				GCC_NO_COMMON_BLOCKS = YES;
				GCC_WARN_64_TO_32_BIT_CONVERSION = YES;
				GCC_WARN_ABOUT_RETURN_TYPE = YES_ERROR;
				GCC_WARN_UNDECLARED_SELECTOR = YES;
				GCC_WARN_UNINITIALIZED_AUTOS = YES_AGGRESSIVE;
				GCC_WARN_UNUSED_FUNCTION = YES;
				GCC_WARN_UNUSED_VARIABLE = YES;
				IPHONEOS_DEPLOYMENT_TARGET = 15.0;
				MTL_ENABLE_DEBUG_INFO = NO;
				MTL_FAST_MATH = YES;
				SDKROOT = iphoneos;
				SWIFT_COMPILATION_MODE = wholemodule;
				SWIFT_OPTIMIZATION_LEVEL = "-O";
				VALIDATE_PRODUCT = YES;
			};
			name = Release;
		};
		646476BB2762EFEF00890F37 /* Debug */ = {
			isa = XCBuildConfiguration;
			buildSettings = {
				ASSETCATALOG_COMPILER_APPICON_NAME = AppIcon;
				ASSETCATALOG_COMPILER_GLOBAL_ACCENT_COLOR_NAME = AccentColor;
				CODE_SIGN_STYLE = Automatic;
				CURRENT_PROJECT_VERSION = 1;
				DEVELOPMENT_ASSET_PATHS = "\"test-ar-userinterface/Preview Content\"";
				DEVELOPMENT_TEAM = 48WU65Z37Y;
				ENABLE_PREVIEWS = YES;
				GENERATE_INFOPLIST_FILE = YES;
				INFOPLIST_KEY_NSCameraUsageDescription = "";
				INFOPLIST_KEY_UIApplicationSupportsIndirectInputEvents = YES;
				INFOPLIST_KEY_UILaunchScreen_Generation = YES;
				INFOPLIST_KEY_UIRequiredDeviceCapabilities = arkit;
				INFOPLIST_KEY_UIStatusBarHidden = YES;
				INFOPLIST_KEY_UISupportedInterfaceOrientations_iPad = "UIInterfaceOrientationPortrait UIInterfaceOrientationPortraitUpsideDown UIInterfaceOrientationLandscapeLeft UIInterfaceOrientationLandscapeRight";
				INFOPLIST_KEY_UISupportedInterfaceOrientations_iPhone = "UIInterfaceOrientationPortrait UIInterfaceOrientationLandscapeLeft UIInterfaceOrientationLandscapeRight";
				LD_RUNPATH_SEARCH_PATHS = (
					"$(inherited)",
					"@executable_path/Frameworks",
				);
				MARKETING_VERSION = 1.0;
				PRODUCT_BUNDLE_IDENTIFIER = "com.demansou.test-ar-userinterface";
				PRODUCT_NAME = "$(TARGET_NAME)";
				SWIFT_EMIT_LOC_STRINGS = YES;
				SWIFT_VERSION = 5.0;
				TARGETED_DEVICE_FAMILY = "1,2";
			};
			name = Debug;
		};
		646476BC2762EFEF00890F37 /* Release */ = {
			isa = XCBuildConfiguration;
			buildSettings = {
				ASSETCATALOG_COMPILER_APPICON_NAME = AppIcon;
				ASSETCATALOG_COMPILER_GLOBAL_ACCENT_COLOR_NAME = AccentColor;
				CODE_SIGN_STYLE = Automatic;
				CURRENT_PROJECT_VERSION = 1;
				DEVELOPMENT_ASSET_PATHS = "\"test-ar-userinterface/Preview Content\"";
				DEVELOPMENT_TEAM = 48WU65Z37Y;
				ENABLE_PREVIEWS = YES;
				GENERATE_INFOPLIST_FILE = YES;
				INFOPLIST_KEY_NSCameraUsageDescription = "";
				INFOPLIST_KEY_UIApplicationSupportsIndirectInputEvents = YES;
				INFOPLIST_KEY_UILaunchScreen_Generation = YES;
				INFOPLIST_KEY_UIRequiredDeviceCapabilities = arkit;
				INFOPLIST_KEY_UIStatusBarHidden = YES;
				INFOPLIST_KEY_UISupportedInterfaceOrientations_iPad = "UIInterfaceOrientationPortrait UIInterfaceOrientationPortraitUpsideDown UIInterfaceOrientationLandscapeLeft UIInterfaceOrientationLandscapeRight";
				INFOPLIST_KEY_UISupportedInterfaceOrientations_iPhone = "UIInterfaceOrientationPortrait UIInterfaceOrientationLandscapeLeft UIInterfaceOrientationLandscapeRight";
				LD_RUNPATH_SEARCH_PATHS = (
					"$(inherited)",
					"@executable_path/Frameworks",
				);
				MARKETING_VERSION = 1.0;
				PRODUCT_BUNDLE_IDENTIFIER = "com.demansou.test-ar-userinterface";
				PRODUCT_NAME = "$(TARGET_NAME)";
				SWIFT_EMIT_LOC_STRINGS = YES;
				SWIFT_VERSION = 5.0;
				TARGETED_DEVICE_FAMILY = "1,2";
			};
			name = Release;
		};
		646476BE2762EFEF00890F37 /* Debug */ = {
			isa = XCBuildConfiguration;
			buildSettings = {
				ALWAYS_EMBED_SWIFT_STANDARD_LIBRARIES = YES;
				BUNDLE_LOADER = "$(TEST_HOST)";
				CODE_SIGN_STYLE = Automatic;
				CURRENT_PROJECT_VERSION = 1;
				DEVELOPMENT_TEAM = 48WU65Z37Y;
				GENERATE_INFOPLIST_FILE = YES;
				IPHONEOS_DEPLOYMENT_TARGET = 15.0;
				LD_RUNPATH_SEARCH_PATHS = (
					"$(inherited)",
					"@executable_path/Frameworks",
					"@loader_path/Frameworks",
				);
				MARKETING_VERSION = 1.0;
				PRODUCT_BUNDLE_IDENTIFIER = "com.demansou.test-ar-userinterfaceTests";
				PRODUCT_NAME = "$(TARGET_NAME)";
				SWIFT_EMIT_LOC_STRINGS = NO;
				SWIFT_VERSION = 5.0;
				TARGETED_DEVICE_FAMILY = "1,2";
				TEST_HOST = "$(BUILT_PRODUCTS_DIR)/test-ar-userinterface.app/test-ar-userinterface";
			};
			name = Debug;
		};
		646476BF2762EFEF00890F37 /* Release */ = {
			isa = XCBuildConfiguration;
			buildSettings = {
				ALWAYS_EMBED_SWIFT_STANDARD_LIBRARIES = YES;
				BUNDLE_LOADER = "$(TEST_HOST)";
				CODE_SIGN_STYLE = Automatic;
				CURRENT_PROJECT_VERSION = 1;
				DEVELOPMENT_TEAM = 48WU65Z37Y;
				GENERATE_INFOPLIST_FILE = YES;
				IPHONEOS_DEPLOYMENT_TARGET = 15.0;
				LD_RUNPATH_SEARCH_PATHS = (
					"$(inherited)",
					"@executable_path/Frameworks",
					"@loader_path/Frameworks",
				);
				MARKETING_VERSION = 1.0;
				PRODUCT_BUNDLE_IDENTIFIER = "com.demansou.test-ar-userinterfaceTests";
				PRODUCT_NAME = "$(TARGET_NAME)";
				SWIFT_EMIT_LOC_STRINGS = NO;
				SWIFT_VERSION = 5.0;
				TARGETED_DEVICE_FAMILY = "1,2";
				TEST_HOST = "$(BUILT_PRODUCTS_DIR)/test-ar-userinterface.app/test-ar-userinterface";
			};
			name = Release;
		};
		646476C12762EFEF00890F37 /* Debug */ = {
			isa = XCBuildConfiguration;
			buildSettings = {
				ALWAYS_EMBED_SWIFT_STANDARD_LIBRARIES = YES;
				CODE_SIGN_STYLE = Automatic;
				CURRENT_PROJECT_VERSION = 1;
				DEVELOPMENT_TEAM = 48WU65Z37Y;
				GENERATE_INFOPLIST_FILE = YES;
				LD_RUNPATH_SEARCH_PATHS = (
					"$(inherited)",
					"@executable_path/Frameworks",
					"@loader_path/Frameworks",
				);
				MARKETING_VERSION = 1.0;
				PRODUCT_BUNDLE_IDENTIFIER = "com.demansou.test-ar-userinterfaceUITests";
				PRODUCT_NAME = "$(TARGET_NAME)";
				SWIFT_EMIT_LOC_STRINGS = NO;
				SWIFT_VERSION = 5.0;
				TARGETED_DEVICE_FAMILY = "1,2";
				TEST_TARGET_NAME = "test-ar-userinterface";
			};
			name = Debug;
		};
		646476C22762EFEF00890F37 /* Release */ = {
			isa = XCBuildConfiguration;
			buildSettings = {
				ALWAYS_EMBED_SWIFT_STANDARD_LIBRARIES = YES;
				CODE_SIGN_STYLE = Automatic;
				CURRENT_PROJECT_VERSION = 1;
				DEVELOPMENT_TEAM = 48WU65Z37Y;
				GENERATE_INFOPLIST_FILE = YES;
				LD_RUNPATH_SEARCH_PATHS = (
					"$(inherited)",
					"@executable_path/Frameworks",
					"@loader_path/Frameworks",
				);
				MARKETING_VERSION = 1.0;
				PRODUCT_BUNDLE_IDENTIFIER = "com.demansou.test-ar-userinterfaceUITests";
				PRODUCT_NAME = "$(TARGET_NAME)";
				SWIFT_EMIT_LOC_STRINGS = NO;
				SWIFT_VERSION = 5.0;
				TARGETED_DEVICE_FAMILY = "1,2";
				TEST_TARGET_NAME = "test-ar-userinterface";
			};
			name = Release;
		};
/* End XCBuildConfiguration section */

/* Begin XCConfigurationList section */
		6464768F2762EFEC00890F37 /* Build configuration list for PBXProject "test-ar-userinterface" */ = {
			isa = XCConfigurationList;
			buildConfigurations = (
				646476B82762EFEF00890F37 /* Debug */,
				646476B92762EFEF00890F37 /* Release */,
			);
			defaultConfigurationIsVisible = 0;
			defaultConfigurationName = Release;
		};
		646476BA2762EFEF00890F37 /* Build configuration list for PBXNativeTarget "test-ar-userinterface" */ = {
			isa = XCConfigurationList;
			buildConfigurations = (
				646476BB2762EFEF00890F37 /* Debug */,
				646476BC2762EFEF00890F37 /* Release */,
			);
			defaultConfigurationIsVisible = 0;
			defaultConfigurationName = Release;
		};
		646476BD2762EFEF00890F37 /* Build configuration list for PBXNativeTarget "test-ar-userinterfaceTests" */ = {
			isa = XCConfigurationList;
			buildConfigurations = (
				646476BE2762EFEF00890F37 /* Debug */,
				646476BF2762EFEF00890F37 /* Release */,
			);
			defaultConfigurationIsVisible = 0;
			defaultConfigurationName = Release;
		};
		646476C02762EFEF00890F37 /* Build configuration list for PBXNativeTarget "test-ar-userinterfaceUITests" */ = {
			isa = XCConfigurationList;
			buildConfigurations = (
				646476C12762EFEF00890F37 /* Debug */,
				646476C22762EFEF00890F37 /* Release */,
			);
			defaultConfigurationIsVisible = 0;
			defaultConfigurationName = Release;
		};
/* End XCConfigurationList section */

/* Begin XCRemoteSwiftPackageReference section */
		641223D427645825003455A8 /* XCRemoteSwiftPackageReference "FocusEntity" */ = {
			isa = XCRemoteSwiftPackageReference;
			repositoryURL = "https://github.com/maxxfrazer/FocusEntity";
			requirement = {
				kind = upToNextMajorVersion;
				minimumVersion = 2.0.0;
			};
		};
		64A05BD0277A7862005986A4 /* XCRemoteSwiftPackageReference "firebase-ios-sdk" */ = {
			isa = XCRemoteSwiftPackageReference;
			repositoryURL = "https://github.com/firebase/firebase-ios-sdk";
			requirement = {
				kind = upToNextMajorVersion;
				minimumVersion = 8.0.0;
			};
		};
/* End XCRemoteSwiftPackageReference section */

/* Begin XCSwiftPackageProductDependency section */
		641223D527645825003455A8 /* FocusEntity */ = {
			isa = XCSwiftPackageProductDependency;
			package = 641223D427645825003455A8 /* XCRemoteSwiftPackageReference "FocusEntity" */;
			productName = FocusEntity;
		};
		64A05BD1277A7862005986A4 /* FirebaseAuth */ = {
			isa = XCSwiftPackageProductDependency;
			package = 64A05BD0277A7862005986A4 /* XCRemoteSwiftPackageReference "firebase-ios-sdk" */;
			productName = FirebaseAuth;
		};
		64A05BD3277A7862005986A4 /* FirebaseFirestore */ = {
			isa = XCSwiftPackageProductDependency;
			package = 64A05BD0277A7862005986A4 /* XCRemoteSwiftPackageReference "firebase-ios-sdk" */;
			productName = FirebaseFirestore;
		};
		64A05BD5277A7862005986A4 /* FirebaseFirestoreSwift-Beta */ = {
			isa = XCSwiftPackageProductDependency;
			package = 64A05BD0277A7862005986A4 /* XCRemoteSwiftPackageReference "firebase-ios-sdk" */;
			productName = "FirebaseFirestoreSwift-Beta";
		};
		64A05BD7277A7862005986A4 /* FirebaseStorage */ = {
			isa = XCSwiftPackageProductDependency;
			package = 64A05BD0277A7862005986A4 /* XCRemoteSwiftPackageReference "firebase-ios-sdk" */;
			productName = FirebaseStorage;
		};
		64A05BD9277A7862005986A4 /* FirebaseStorageSwift-Beta */ = {
			isa = XCSwiftPackageProductDependency;
			package = 64A05BD0277A7862005986A4 /* XCRemoteSwiftPackageReference "firebase-ios-sdk" */;
			productName = "FirebaseStorageSwift-Beta";
		};
/* End XCSwiftPackageProductDependency section */
	};
	rootObject = 6464768C2762EFEC00890F37 /* Project object */;
}
